
Microsoft Visual Studio Solution File, Format Version 12.00
# Visual Studio Version 17
VisualStudioVersion = 17.9.34607.119
MinimumVisualStudioVersion = 10.0.40219.1
Project("{FAE04EC0-301F-11D3-BF4B-00C04F79EFBC}") = "WinFormsCheckRadioApp", "WinFormsCheckRadioApp\WinFormsCheckRadioApp.csproj", "{D744DC80-FEE5-4448-814F-B13638340ABF}"
EndProject
Global
	GlobalSection(SolutionConfigurationPlatforms) = preSolution
		Debug|Any CPU = Debug|Any CPU
		Release|Any CPU = Release|Any CPU
	EndGlobalSection
	GlobalSection(ProjectConfigurationPlatforms) = postSolution
		{D744DC80-FEE5-4448-814F-B13638340ABF}.Debug|Any CPU.ActiveCfg = Debug|Any CPU
		{D744DC80-FEE5-4448-814F-B13638340ABF}.Debug|Any CPU.Build.0 = Debug|Any CPU
		{D744DC80-FEE5-4448-814F-B13638340ABF}.Release|Any CPU.ActiveCfg = Release|Any CPU
		{D744DC80-FEE5-4448-814F-B13638340ABF}.Release|Any CPU.Build.0 = Release|Any CPU
	EndGlobalSection
	GlobalSection(SolutionProperties) = preSolution
		HideSolutionNode = FALSE
	EndGlobalSection
	GlobalSection(ExtensibilityGlobals) = postSolution
		SolutionGuid = {E06C44C2-06AF-4A17-92E4-B956059AA071}
	EndGlobalSection
EndGlobal
